
Microsoft Visual Studio Solution File, Format Version 12.00
# Visual Studio Version 17
VisualStudioVersion = 17.3.32804.467
MinimumVisualStudioVersion = 10.0.40219.1
Project("{FAE04EC0-301F-11D3-BF4B-00C04F79EFBC}") = "LeagueOfYourLegends_API", "LeagueOfYourLegends_API\LeagueOfYourLegends_API.csproj", "{455E23B7-889B-4166-B3CA-486D177BEDAF}"
EndProject
Global
	GlobalSection(SolutionConfigurationPlatforms) = preSolution
		Debug|Any CPU = Debug|Any CPU
		Release|Any CPU = Release|Any CPU
	EndGlobalSection
	GlobalSection(ProjectConfigurationPlatforms) = postSolution
		{455E23B7-889B-4166-B3CA-486D177BEDAF}.Debug|Any CPU.ActiveCfg = Debug|Any CPU
		{455E23B7-889B-4166-B3CA-486D177BEDAF}.Debug|Any CPU.Build.0 = Debug|Any CPU
		{455E23B7-889B-4166-B3CA-486D177BEDAF}.Release|Any CPU.ActiveCfg = Release|Any CPU
		{455E23B7-889B-4166-B3CA-486D177BEDAF}.Release|Any CPU.Build.0 = Release|Any CPU
	EndGlobalSection
	GlobalSection(SolutionProperties) = preSolution
		HideSolutionNode = FALSE
	EndGlobalSection
	GlobalSection(ExtensibilityGlobals) = postSolution
		SolutionGuid = {A6683F15-2192-4D1F-AFFB-AACF1A2DBCDF}
	EndGlobalSection
EndGlobal
